{
  "version": 4,
  "terraform_version": "1.6.1",
  "serial": 236,
  "lineage": "dfccd030-4c2f-e204-9cbe-e127dc0fba1c",
  "outputs": {
    "subnet_id": {
      "value": {
        "subnet_cidr_blocks": [
          "172.31.16.0/20",
          "172.31.0.0/20"
        ]
      },
      "type": [
        "object",
        {
          "subnet_cidr_blocks": [
            "tuple",
            [
              "string",
              "string"
            ]
          ]
        }
      ]
    }
  },
  "resources": [
    {
      "module": "module.apache",
      "mode": "data",
      "type": "aws_ami",
      "name": "amazon-linux-2",
      "provider": "provider[\"registry.terraform.io/hashicorp/aws\"]",
      "instances": [
        {
          "schema_version": 0,
          "attributes": {
            "architecture": "x86_64",
            "arn": "arn:aws:ec2:us-west-1::image/ami-0839bf007aad25236",
            "block_device_mappings": [
              {
                "device_name": "/dev/xvda",
                "ebs": {
                  "delete_on_termination": "true",
                  "encrypted": "false",
                  "iops": "0",
                  "snapshot_id": "snap-0009eccae1aecd86f",
                  "throughput": "0",
                  "volume_size": "8",
                  "volume_type": "gp2"
                },
                "no_device": "",
                "virtual_name": ""
              }
            ],
            "boot_mode": "",
            "creation_date": "2023-11-17T00:56:27.000Z",
            "deprecation_time": "2025-07-01T00:00:00.000Z",
            "description": "Amazon Linux 2 AMI 2.0.20231116.0 x86_64 HVM gp2",
            "ena_support": true,
            "executable_users": null,
            "filter": [
              {
                "name": "name",
                "values": [
                  "amzn2-ami-hvm*"
                ]
              },
              {
                "name": "owner-alias",
                "values": [
                  "amazon"
                ]
              }
            ],
            "hypervisor": "xen",
            "id": "ami-0839bf007aad25236",
            "image_id": "ami-0839bf007aad25236",
            "image_location": "amazon/amzn2-ami-hvm-2.0.20231116.0-x86_64-gp2",
            "image_owner_alias": "amazon",
            "image_type": "machine",
            "imds_support": "",
            "include_deprecated": false,
            "kernel_id": "",
            "most_recent": true,
            "name": "amzn2-ami-hvm-2.0.20231116.0-x86_64-gp2",
            "name_regex": null,
            "owner_id": "137112412989",
            "owners": [
              "amazon"
            ],
            "platform": "",
            "platform_details": "Linux/UNIX",
            "product_codes": [],
            "public": true,
            "ramdisk_id": "",
            "root_device_name": "/dev/xvda",
            "root_device_type": "ebs",
            "root_snapshot_id": "snap-0009eccae1aecd86f",
            "sriov_net_support": "simple",
            "state": "available",
            "state_reason": {
              "code": "UNSET",
              "message": "UNSET"
            },
            "tags": {},
            "timeouts": null,
            "tpm_support": "",
            "usage_operation": "RunInstances",
            "virtualization_type": "hvm"
          },
          "sensitive_attributes": []
        }
      ]
    },
    {
      "module": "module.apache",
      "mode": "data",
      "type": "aws_subnet",
      "name": "example",
      "provider": "provider[\"registry.terraform.io/hashicorp/aws\"]",
      "instances": [
        {
          "index_key": "subnet-0b45214d0fd123980",
          "schema_version": 0,
          "attributes": {
            "arn": "arn:aws:ec2:us-west-1:175985118028:subnet/subnet-0b45214d0fd123980",
            "assign_ipv6_address_on_creation": false,
            "availability_zone": "us-west-1a",
            "availability_zone_id": "usw1-az1",
            "available_ip_address_count": 4091,
            "cidr_block": "172.31.16.0/20",
            "customer_owned_ipv4_pool": "",
            "default_for_az": true,
            "enable_dns64": false,
            "enable_lni_at_device_index": 0,
            "enable_resource_name_dns_a_record_on_launch": false,
            "enable_resource_name_dns_aaaa_record_on_launch": false,
            "filter": null,
            "id": "subnet-0b45214d0fd123980",
            "ipv6_cidr_block": "",
            "ipv6_cidr_block_association_id": "",
            "ipv6_native": false,
            "map_customer_owned_ip_on_launch": false,
            "map_public_ip_on_launch": true,
            "outpost_arn": "",
            "owner_id": "175985118028",
            "private_dns_hostname_type_on_launch": "ip-name",
            "state": "available",
            "tags": {},
            "timeouts": null,
            "vpc_id": "vpc-07afbae9e604e01bd"
          },
          "sensitive_attributes": []
        },
        {
          "index_key": "subnet-0ffa548be59aebd7d",
          "schema_version": 0,
          "attributes": {
            "arn": "arn:aws:ec2:us-west-1:175985118028:subnet/subnet-0ffa548be59aebd7d",
            "assign_ipv6_address_on_creation": false,
            "availability_zone": "us-west-1c",
            "availability_zone_id": "usw1-az3",
            "available_ip_address_count": 4091,
            "cidr_block": "172.31.0.0/20",
            "customer_owned_ipv4_pool": "",
            "default_for_az": true,
            "enable_dns64": false,
            "enable_lni_at_device_index": 0,
            "enable_resource_name_dns_a_record_on_launch": false,
            "enable_resource_name_dns_aaaa_record_on_launch": false,
            "filter": null,
            "id": "subnet-0ffa548be59aebd7d",
            "ipv6_cidr_block": "",
            "ipv6_cidr_block_association_id": "",
            "ipv6_native": false,
            "map_customer_owned_ip_on_launch": false,
            "map_public_ip_on_launch": true,
            "outpost_arn": "",
            "owner_id": "175985118028",
            "private_dns_hostname_type_on_launch": "ip-name",
            "state": "available",
            "tags": {},
            "timeouts": null,
            "vpc_id": "vpc-07afbae9e604e01bd"
          },
          "sensitive_attributes": []
        }
      ]
    },
    {
      "module": "module.apache",
      "mode": "data",
      "type": "aws_subnets",
      "name": "example",
      "provider": "provider[\"registry.terraform.io/hashicorp/aws\"]",
      "instances": [
        {
          "schema_version": 0,
          "attributes": {
            "filter": [
              {
                "name": "vpc-id",
                "values": [
                  "vpc-07afbae9e604e01bd"
                ]
              }
            ],
            "id": "us-west-1",
            "ids": [
              "subnet-0ffa548be59aebd7d",
              "subnet-0b45214d0fd123980"
            ],
            "tags": null,
            "timeouts": null
          },
          "sensitive_attributes": []
        }
      ]
    },
    {
      "module": "module.apache",
      "mode": "data",
      "type": "aws_vpc",
      "name": "main",
      "provider": "provider[\"registry.terraform.io/hashicorp/aws\"]",
      "instances": [
        {
          "schema_version": 0,
          "attributes": {
            "arn": "arn:aws:ec2:us-west-1:175985118028:vpc/vpc-07afbae9e604e01bd",
            "cidr_block": "172.31.0.0/16",
            "cidr_block_associations": [
              {
                "association_id": "vpc-cidr-assoc-0318bb3059f422c99",
                "cidr_block": "172.31.0.0/16",
                "state": "associated"
              }
            ],
            "default": true,
            "dhcp_options_id": "dopt-09019c932930eb02a",
            "enable_dns_hostnames": true,
            "enable_dns_support": true,
            "enable_network_address_usage_metrics": false,
            "filter": null,
            "id": "vpc-07afbae9e604e01bd",
            "instance_tenancy": "default",
            "ipv6_association_id": "",
            "ipv6_cidr_block": "",
            "main_route_table_id": "rtb-0e9c9c9f14ce45e8e",
            "owner_id": "175985118028",
            "state": null,
            "tags": {},
            "timeouts": null
          },
          "sensitive_attributes": []
        }
      ]
    },
    {
      "module": "module.apache",
      "mode": "data",
      "type": "template_file",
      "name": "userdata",
      "provider": "provider[\"registry.terraform.io/hashicorp/template\"]",
      "instances": [
        {
          "schema_version": 0,
          "attributes": {
            "filename": null,
            "id": "5f0805b19061821ec7d2bcae30d99ce19fd37c57746a30c7cd3ebb879a8f2037",
            "rendered": "#cloud-config\npackages:\n  - httpd\nruncmd:\n  - sudo systemctl start httpd\n  - sudo systemctl enable httpd ",
            "template": "#cloud-config\npackages:\n  - httpd\nruncmd:\n  - sudo systemctl start httpd\n  - sudo systemctl enable httpd ",
            "vars": null
          },
          "sensitive_attributes": []
        }
      ]
    },
    {
      "module": "module.apache",
      "mode": "managed",
      "type": "aws_instance",
      "name": "app_server",
      "provider": "provider[\"registry.terraform.io/hashicorp/aws\"]",
      "instances": [
        {
          "index_key": "subnet-0b45214d0fd123980",
          "schema_version": 1,
          "attributes": {
            "ami": "ami-0839bf007aad25236",
            "arn": "arn:aws:ec2:us-west-1:175985118028:instance/i-0aef57861e2720976",
            "associate_public_ip_address": true,
            "availability_zone": "us-west-1a",
            "capacity_reservation_specification": [
              {
                "capacity_reservation_preference": "open",
                "capacity_reservation_target": []
              }
            ],
            "cpu_core_count": 1,
            "cpu_options": [
              {
                "amd_sev_snp": "",
                "core_count": 1,
                "threads_per_core": 1
              }
            ],
            "cpu_threads_per_core": 1,
            "credit_specification": [
              {
                "cpu_credits": "standard"
              }
            ],
            "disable_api_stop": false,
            "disable_api_termination": false,
            "ebs_block_device": [],
            "ebs_optimized": false,
            "enclave_options": [
              {
                "enabled": false
              }
            ],
            "ephemeral_block_device": [],
            "get_password_data": false,
            "hibernation": false,
            "host_id": "",
            "host_resource_group_arn": null,
            "iam_instance_profile": "",
            "id": "i-0aef57861e2720976",
            "instance_initiated_shutdown_behavior": "stop",
            "instance_lifecycle": "",
            "instance_market_options": [],
            "instance_state": "running",
            "instance_type": "t2.micro",
            "ipv6_address_count": 0,
            "ipv6_addresses": [],
            "key_name": "deployer-key",
            "launch_template": [],
            "maintenance_options": [
              {
                "auto_recovery": "default"
              }
            ],
            "metadata_options": [
              {
                "http_endpoint": "enabled",
                "http_protocol_ipv6": "disabled",
                "http_put_response_hop_limit": 1,
                "http_tokens": "optional",
                "instance_metadata_tags": "disabled"
              }
            ],
            "monitoring": false,
            "network_interface": [],
            "outpost_arn": "",
            "password_data": "",
            "placement_group": "",
            "placement_partition_number": 0,
            "primary_network_interface_id": "eni-029a680a1c3c0e121",
            "private_dns": "ip-172-31-21-20.us-west-1.compute.internal",
            "private_dns_name_options": [
              {
                "enable_resource_name_dns_a_record": false,
                "enable_resource_name_dns_aaaa_record": false,
                "hostname_type": "ip-name"
              }
            ],
            "private_ip": "172.31.21.20",
            "public_dns": "ec2-54-176-48-18.us-west-1.compute.amazonaws.com",
            "public_ip": "54.176.48.18",
            "root_block_device": [
              {
                "delete_on_termination": true,
                "device_name": "/dev/xvda",
                "encrypted": false,
                "iops": 100,
                "kms_key_id": "",
                "tags": {},
                "throughput": 0,
                "volume_id": "vol-055caf7c456084f7a",
                "volume_size": 8,
                "volume_type": "gp2"
              }
            ],
            "secondary_private_ips": [],
            "security_groups": [
              "sg_app_server"
            ],
            "source_dest_check": true,
            "spot_instance_request_id": "",
            "subnet_id": "subnet-0b45214d0fd123980",
            "tags": {
              "Name": "Apache Server"
            },
            "tags_all": {
              "Name": "Apache Server"
            },
            "tenancy": "default",
            "timeouts": null,
            "user_data": "2de4a54535edea169e09ec31178601fdf52c86f6",
            "user_data_base64": null,
            "user_data_replace_on_change": false,
            "volume_tags": null,
            "vpc_security_group_ids": [
              "sg-0d64203a37e14f8f5"
            ]
          },
          "sensitive_attributes": [],
          "private": "eyJlMmJmYjczMC1lY2FhLTExZTYtOGY4OC0zNDM2M2JjN2M0YzAiOnsiY3JlYXRlIjo2MDAwMDAwMDAwMDAsImRlbGV0ZSI6MTIwMDAwMDAwMDAwMCwidXBkYXRlIjo2MDAwMDAwMDAwMDB9LCJzY2hlbWFfdmVyc2lvbiI6IjEifQ==",
          "dependencies": [
            "module.apache.aws_key_pair.deployer",
            "module.apache.aws_security_group.sg_app_server",
            "module.apache.data.aws_ami.amazon-linux-2",
            "module.apache.data.aws_subnet.example",
            "module.apache.data.aws_subnets.example",
            "module.apache.data.aws_vpc.main",
            "module.apache.data.template_file.userdata"
          ]
        },
        {
          "index_key": "subnet-0ffa548be59aebd7d",
          "schema_version": 1,
          "attributes": {
            "ami": "ami-0839bf007aad25236",
            "arn": "arn:aws:ec2:us-west-1:175985118028:instance/i-0a6a9b346bed20fe0",
            "associate_public_ip_address": true,
            "availability_zone": "us-west-1c",
            "capacity_reservation_specification": [
              {
                "capacity_reservation_preference": "open",
                "capacity_reservation_target": []
              }
            ],
            "cpu_core_count": 1,
            "cpu_options": [
              {
                "amd_sev_snp": "",
                "core_count": 1,
                "threads_per_core": 1
              }
            ],
            "cpu_threads_per_core": 1,
            "credit_specification": [
              {
                "cpu_credits": "standard"
              }
            ],
            "disable_api_stop": false,
            "disable_api_termination": false,
            "ebs_block_device": [],
            "ebs_optimized": false,
            "enclave_options": [
              {
                "enabled": false
              }
            ],
            "ephemeral_block_device": [],
            "get_password_data": false,
            "hibernation": false,
            "host_id": "",
            "host_resource_group_arn": null,
            "iam_instance_profile": "",
            "id": "i-0a6a9b346bed20fe0",
            "instance_initiated_shutdown_behavior": "stop",
            "instance_lifecycle": "",
            "instance_market_options": [],
            "instance_state": "running",
            "instance_type": "t2.micro",
            "ipv6_address_count": 0,
            "ipv6_addresses": [],
            "key_name": "deployer-key",
            "launch_template": [],
            "maintenance_options": [
              {
                "auto_recovery": "default"
              }
            ],
            "metadata_options": [
              {
                "http_endpoint": "enabled",
                "http_protocol_ipv6": "disabled",
                "http_put_response_hop_limit": 1,
                "http_tokens": "optional",
                "instance_metadata_tags": "disabled"
              }
            ],
            "monitoring": false,
            "network_interface": [],
            "outpost_arn": "",
            "password_data": "",
            "placement_group": "",
            "placement_partition_number": 0,
            "primary_network_interface_id": "eni-06b59181e74923d00",
            "private_dns": "ip-172-31-0-220.us-west-1.compute.internal",
            "private_dns_name_options": [
              {
                "enable_resource_name_dns_a_record": false,
                "enable_resource_name_dns_aaaa_record": false,
                "hostname_type": "ip-name"
              }
            ],
            "private_ip": "172.31.0.220",
            "public_dns": "ec2-54-241-42-81.us-west-1.compute.amazonaws.com",
            "public_ip": "54.241.42.81",
            "root_block_device": [
              {
                "delete_on_termination": true,
                "device_name": "/dev/xvda",
                "encrypted": false,
                "iops": 100,
                "kms_key_id": "",
                "tags": {},
                "throughput": 0,
                "volume_id": "vol-01271f770fa078e11",
                "volume_size": 8,
                "volume_type": "gp2"
              }
            ],
            "secondary_private_ips": [],
            "security_groups": [
              "sg_app_server"
            ],
            "source_dest_check": true,
            "spot_instance_request_id": "",
            "subnet_id": "subnet-0ffa548be59aebd7d",
            "tags": {
              "Name": "Apache Server"
            },
            "tags_all": {
              "Name": "Apache Server"
            },
            "tenancy": "default",
            "timeouts": null,
            "user_data": "2de4a54535edea169e09ec31178601fdf52c86f6",
            "user_data_base64": null,
            "user_data_replace_on_change": false,
            "volume_tags": null,
            "vpc_security_group_ids": [
              "sg-0d64203a37e14f8f5"
            ]
          },
          "sensitive_attributes": [],
          "private": "eyJlMmJmYjczMC1lY2FhLTExZTYtOGY4OC0zNDM2M2JjN2M0YzAiOnsiY3JlYXRlIjo2MDAwMDAwMDAwMDAsImRlbGV0ZSI6MTIwMDAwMDAwMDAwMCwidXBkYXRlIjo2MDAwMDAwMDAwMDB9LCJzY2hlbWFfdmVyc2lvbiI6IjEifQ==",
          "dependencies": [
            "module.apache.aws_key_pair.deployer",
            "module.apache.aws_security_group.sg_app_server",
            "module.apache.data.aws_ami.amazon-linux-2",
            "module.apache.data.aws_subnet.example",
            "module.apache.data.aws_subnets.example",
            "module.apache.data.aws_vpc.main",
            "module.apache.data.template_file.userdata"
          ]
        }
      ]
    },
    {
      "module": "module.apache",
      "mode": "managed",
      "type": "aws_key_pair",
      "name": "deployer",
      "provider": "provider[\"registry.terraform.io/hashicorp/aws\"]",
      "instances": [
        {
          "schema_version": 1,
          "attributes": {
            "arn": "arn:aws:ec2:us-west-1:175985118028:key-pair/deployer-key",
            "fingerprint": "7d:6d:17:01:25:24:52:c2:9a:58:40:b7:d1:b6:85:ec",
            "id": "deployer-key",
            "key_name": "deployer-key",
            "key_name_prefix": "",
            "key_pair_id": "key-0488ed84723fa16a4",
            "key_type": "rsa",
            "public_key": "ssh-rsa AAAAB3NzaC1yc2EAAAADAQABAAABgQC389wXJDTvmKGktBB2JgX+WpU+CITonpE0LsvrrVBxy4fA1/lCKlHPYZFYJX6jJCpg5rC0mMmCwLOYyUEPQIw9VVSlfPu7KIv+ULxS7PqagaQlby7SggRnMNsl/uhWv8gE+R4MoSal3A9Gj72zTdxCcaET39QAxEr2mWbp2UF2a+iLg/0geOC69fvbSWttjxN7L+Hnmg+6EAlirvUONTPAOlEaW9xr+AXn6CoObqT3ZE9W5nP5RwLlhDqc22ArnqbGpM3D5jYm92TQ8mc+HWFRJqobm3nZzaob4b7F0E84Qrni2bMR23EODthl2E1/WW21MONPwXccBXLzrpEExp0qeVJvMfAI89DUjDXffOXwG71dzBYEQ4ok7nCJ+4gNeE55rS33YDK/iq4apx2LEMQQaS7GfMQfPGnRDXOa4bKcQsJiq2e6dBGTap+fZjVcdtI2OEr3gGPLi1J6CAW5T4tqIj1ObnwY2Rmc9Ko8eEgwk0dQptDW6jOxDaVjIGbnC+s= macbookpro@MacBooks-MBP",
            "tags": null,
            "tags_all": {}
          },
          "sensitive_attributes": [],
          "private": "eyJzY2hlbWFfdmVyc2lvbiI6IjEifQ=="
        }
      ]
    },
    {
      "module": "module.apache",
      "mode": "managed",
      "type": "aws_security_group",
      "name": "sg_app_server",
      "provider": "provider[\"registry.terraform.io/hashicorp/aws\"]",
      "instances": [
        {
          "schema_version": 1,
          "attributes": {
            "arn": "arn:aws:ec2:us-west-1:175985118028:security-group/sg-0d64203a37e14f8f5",
            "description": "SG for App Server",
            "egress": [
              {
                "cidr_blocks": [
                  "172.31.16.0/20",
                  "172.31.0.0/20"
                ],
                "description": "out bound traffic",
                "from_port": 0,
                "ipv6_cidr_blocks": [
                  "::/0"
                ],
                "prefix_list_ids": [],
                "protocol": "-1",
                "security_groups": [],
                "self": false,
                "to_port": 0
              }
            ],
            "id": "sg-0d64203a37e14f8f5",
            "ingress": [
              {
                "cidr_blocks": [
                  "172.31.16.0/20",
                  "172.31.0.0/20"
                ],
                "description": "HTTP",
                "from_port": 80,
                "ipv6_cidr_blocks": [],
                "prefix_list_ids": [],
                "protocol": "tcp",
                "security_groups": [],
                "self": false,
                "to_port": 80
              },
              {
                "cidr_blocks": [
                  "172.31.16.0/20",
                  "172.31.0.0/20"
                ],
                "description": "SSH",
                "from_port": 22,
                "ipv6_cidr_blocks": [],
                "prefix_list_ids": [],
                "protocol": "tcp",
                "security_groups": [],
                "self": false,
                "to_port": 22
              }
            ],
            "name": "sg_app_server",
            "name_prefix": "",
            "owner_id": "175985118028",
            "revoke_rules_on_delete": false,
            "tags": null,
            "tags_all": {},
            "timeouts": null,
            "vpc_id": "vpc-07afbae9e604e01bd"
          },
          "sensitive_attributes": [],
          "private": "eyJlMmJmYjczMC1lY2FhLTExZTYtOGY4OC0zNDM2M2JjN2M0YzAiOnsiY3JlYXRlIjo2MDAwMDAwMDAwMDAsImRlbGV0ZSI6OTAwMDAwMDAwMDAwfSwic2NoZW1hX3ZlcnNpb24iOiIxIn0=",
          "dependencies": [
            "module.apache.data.aws_subnet.example",
            "module.apache.data.aws_subnets.example",
            "module.apache.data.aws_vpc.main"
          ]
        }
      ]
    }
  ],
  "check_results": null
}
