{
  "version": 4,
  "terraform_version": "1.6.1",
  "serial": 5,
  "lineage": "6999035a-af3c-7584-cf74-a174381f8c50",
  "outputs": {
    "public_ip": {
      "value": "35.91.245.250",
      "type": "string"
    }
  },
  "resources": [
    {
      "mode": "data",
      "type": "aws_vpc",
      "name": "main",
      "provider": "provider[\"registry.terraform.io/hashicorp/aws\"]",
      "instances": [
        {
          "schema_version": 0,
          "attributes": {
            "arn": "arn:aws:ec2:us-west-2:175985118028:vpc/vpc-04ff8032b9c93b789",
            "cidr_block": "172.31.0.0/16",
            "cidr_block_associations": [
              {
                "association_id": "vpc-cidr-assoc-0d19ff7c7d8d1ba14",
                "cidr_block": "172.31.0.0/16",
                "state": "associated"
              }
            ],
            "default": true,
            "dhcp_options_id": "dopt-06584951f1e73c528",
            "enable_dns_hostnames": true,
            "enable_dns_support": true,
            "enable_network_address_usage_metrics": false,
            "filter": null,
            "id": "vpc-04ff8032b9c93b789",
            "instance_tenancy": "default",
            "ipv6_association_id": "",
            "ipv6_cidr_block": "",
            "main_route_table_id": "rtb-0937ee3e122e2d059",
            "owner_id": "175985118028",
            "state": null,
            "tags": {},
            "timeouts": null
          },
          "sensitive_attributes": []
        }
      ]
    },
    {
      "mode": "data",
      "type": "template_file",
      "name": "userdata",
      "provider": "provider[\"registry.terraform.io/hashicorp/template\"]",
      "instances": [
        {
          "schema_version": 0,
          "attributes": {
            "filename": null,
            "id": "708ff514b0fc9e595f76c1f18d5e76cee411a80b4f6b9b7f648971c142dd0b89",
            "rendered": "#cloud-config\npackages:\n  - httpd\nruncmd:\n  - systemctl start httpd\n  - sudo systemctl enable httpd",
            "template": "#cloud-config\npackages:\n  - httpd\nruncmd:\n  - systemctl start httpd\n  - sudo systemctl enable httpd",
            "vars": null
          },
          "sensitive_attributes": []
        }
      ]
    },
    {
      "mode": "managed",
      "type": "aws_instance",
      "name": "app_server",
      "provider": "provider[\"registry.terraform.io/hashicorp/aws\"]",
      "instances": [
        {
          "schema_version": 1,
          "attributes": {
            "ami": "ami-00448a337adc93c05",
            "arn": "arn:aws:ec2:us-west-2:175985118028:instance/i-0db3c64c2ed9e65a9",
            "associate_public_ip_address": true,
            "availability_zone": "us-west-2a",
            "capacity_reservation_specification": [
              {
                "capacity_reservation_preference": "open",
                "capacity_reservation_target": []
              }
            ],
            "cpu_core_count": 1,
            "cpu_options": [
              {
                "amd_sev_snp": "",
                "core_count": 1,
                "threads_per_core": 1
              }
            ],
            "cpu_threads_per_core": 1,
            "credit_specification": [
              {
                "cpu_credits": "standard"
              }
            ],
            "disable_api_stop": false,
            "disable_api_termination": false,
            "ebs_block_device": [],
            "ebs_optimized": false,
            "enclave_options": [
              {
                "enabled": false
              }
            ],
            "ephemeral_block_device": [],
            "get_password_data": false,
            "hibernation": false,
            "host_id": "",
            "host_resource_group_arn": null,
            "iam_instance_profile": "",
            "id": "i-0db3c64c2ed9e65a9",
            "instance_initiated_shutdown_behavior": "stop",
            "instance_lifecycle": "",
            "instance_market_options": [],
            "instance_state": "running",
            "instance_type": "t2.micro",
            "ipv6_address_count": 0,
            "ipv6_addresses": [],
            "key_name": "deployer-key",
            "launch_template": [],
            "maintenance_options": [
              {
                "auto_recovery": "default"
              }
            ],
            "metadata_options": [
              {
                "http_endpoint": "enabled",
                "http_protocol_ipv6": "disabled",
                "http_put_response_hop_limit": 2,
                "http_tokens": "required",
                "instance_metadata_tags": "disabled"
              }
            ],
            "monitoring": false,
            "network_interface": [],
            "outpost_arn": "",
            "password_data": "",
            "placement_group": "",
            "placement_partition_number": 0,
            "primary_network_interface_id": "eni-0a0b2386a52f713a6",
            "private_dns": "ip-172-31-26-192.us-west-2.compute.internal",
            "private_dns_name_options": [
              {
                "enable_resource_name_dns_a_record": false,
                "enable_resource_name_dns_aaaa_record": false,
                "hostname_type": "ip-name"
              }
            ],
            "private_ip": "172.31.26.192",
            "public_dns": "ec2-35-91-245-250.us-west-2.compute.amazonaws.com",
            "public_ip": "35.91.245.250",
            "root_block_device": [
              {
                "delete_on_termination": true,
                "device_name": "/dev/xvda",
                "encrypted": false,
                "iops": 3000,
                "kms_key_id": "",
                "tags": {
                  "AttachedInstance": "i-0db3c64c2ed9e65a9 - App_Server",
                  "Owner": "rudolph"
                },
                "throughput": 125,
                "volume_id": "vol-032a7df684a91087a",
                "volume_size": 8,
                "volume_type": "gp3"
              }
            ],
            "secondary_private_ips": [],
            "security_groups": [
              "sg_app_server"
            ],
            "source_dest_check": true,
            "spot_instance_request_id": "",
            "subnet_id": "subnet-02a4d52f629b90fd5",
            "tags": {
              "App": "myapp",
              "Environment": "production",
              "Name": "App_Server",
              "Owner": "rudolph"
            },
            "tags_all": {
              "App": "myapp",
              "Environment": "production",
              "Name": "App_Server",
              "Owner": "rudolph"
            },
            "tenancy": "default",
            "timeouts": null,
            "user_data": "107b64a191b283be7f8304bcbeb1a107d2560a17",
            "user_data_base64": null,
            "user_data_replace_on_change": false,
            "volume_tags": null,
            "vpc_security_group_ids": [
              "sg-06f5e72e158499edb"
            ]
          },
          "sensitive_attributes": [],
          "private": "eyJlMmJmYjczMC1lY2FhLTExZTYtOGY4OC0zNDM2M2JjN2M0YzAiOnsiY3JlYXRlIjo2MDAwMDAwMDAwMDAsImRlbGV0ZSI6MTIwMDAwMDAwMDAwMCwidXBkYXRlIjo2MDAwMDAwMDAwMDB9LCJzY2hlbWFfdmVyc2lvbiI6IjEifQ==",
          "dependencies": [
            "aws_key_pair.deployer",
            "aws_security_group.sg_app_server",
            "data.aws_vpc.main",
            "data.template_file.userdata"
          ]
        }
      ]
    },
    {
      "mode": "managed",
      "type": "aws_key_pair",
      "name": "deployer",
      "provider": "provider[\"registry.terraform.io/hashicorp/aws\"]",
      "instances": [
        {
          "schema_version": 1,
          "attributes": {
            "arn": "arn:aws:ec2:us-west-2:175985118028:key-pair/deployer-key",
            "fingerprint": "7d:6d:17:01:25:24:52:c2:9a:58:40:b7:d1:b6:85:ec",
            "id": "deployer-key",
            "key_name": "deployer-key",
            "key_name_prefix": "",
            "key_pair_id": "key-0f94340bca3e73b7e",
            "key_type": "rsa",
            "public_key": "ssh-rsa AAAAB3NzaC1yc2EAAAADAQABAAABgQC389wXJDTvmKGktBB2JgX+WpU+CITonpE0LsvrrVBxy4fA1/lCKlHPYZFYJX6jJCpg5rC0mMmCwLOYyUEPQIw9VVSlfPu7KIv+ULxS7PqagaQlby7SggRnMNsl/uhWv8gE+R4MoSal3A9Gj72zTdxCcaET39QAxEr2mWbp2UF2a+iLg/0geOC69fvbSWttjxN7L+Hnmg+6EAlirvUONTPAOlEaW9xr+AXn6CoObqT3ZE9W5nP5RwLlhDqc22ArnqbGpM3D5jYm92TQ8mc+HWFRJqobm3nZzaob4b7F0E84Qrni2bMR23EODthl2E1/WW21MONPwXccBXLzrpEExp0qeVJvMfAI89DUjDXffOXwG71dzBYEQ4ok7nCJ+4gNeE55rS33YDK/iq4apx2LEMQQaS7GfMQfPGnRDXOa4bKcQsJiq2e6dBGTap+fZjVcdtI2OEr3gGPLi1J6CAW5T4tqIj1ObnwY2Rmc9Ko8eEgwk0dQptDW6jOxDaVjIGbnC+s= macbookpro@MacBooks-MBP",
            "tags": null,
            "tags_all": {}
          },
          "sensitive_attributes": [],
          "private": "eyJzY2hlbWFfdmVyc2lvbiI6IjEifQ=="
        }
      ]
    },
    {
      "mode": "managed",
      "type": "aws_security_group",
      "name": "sg_app_server",
      "provider": "provider[\"registry.terraform.io/hashicorp/aws\"]",
      "instances": [
        {
          "schema_version": 1,
          "attributes": {
            "arn": "arn:aws:ec2:us-west-2:175985118028:security-group/sg-06f5e72e158499edb",
            "description": "SG for App Server",
            "egress": [
              {
                "cidr_blocks": [
                  "0.0.0.0/0"
                ],
                "description": "out bound traffic",
                "from_port": 0,
                "ipv6_cidr_blocks": [
                  "::/0"
                ],
                "prefix_list_ids": [],
                "protocol": "-1",
                "security_groups": [],
                "self": false,
                "to_port": 0
              }
            ],
            "id": "sg-06f5e72e158499edb",
            "ingress": [
              {
                "cidr_blocks": [
                  "0.0.0.0/0"
                ],
                "description": "HTTP",
                "from_port": 80,
                "ipv6_cidr_blocks": [],
                "prefix_list_ids": [],
                "protocol": "tcp",
                "security_groups": [],
                "self": false,
                "to_port": 80
              },
              {
                "cidr_blocks": [
                  "173.64.85.16/32"
                ],
                "description": "SSH",
                "from_port": 22,
                "ipv6_cidr_blocks": [],
                "prefix_list_ids": [],
                "protocol": "tcp",
                "security_groups": [],
                "self": false,
                "to_port": 22
              }
            ],
            "name": "sg_app_server",
            "name_prefix": "",
            "owner_id": "175985118028",
            "revoke_rules_on_delete": false,
            "tags": null,
            "tags_all": {},
            "timeouts": null,
            "vpc_id": "vpc-04ff8032b9c93b789"
          },
          "sensitive_attributes": [],
          "private": "eyJlMmJmYjczMC1lY2FhLTExZTYtOGY4OC0zNDM2M2JjN2M0YzAiOnsiY3JlYXRlIjo2MDAwMDAwMDAwMDAsImRlbGV0ZSI6OTAwMDAwMDAwMDAwfSwic2NoZW1hX3ZlcnNpb24iOiIxIn0=",
          "dependencies": [
            "data.aws_vpc.main"
          ]
        }
      ]
    },
    {
      "mode": "managed",
      "type": "null_resource",
      "name": "status",
      "provider": "provider[\"registry.terraform.io/hashicorp/null\"]",
      "instances": [
        {
          "schema_version": 0,
          "attributes": {
            "id": "8959868191111999926",
            "triggers": null
          },
          "sensitive_attributes": [],
          "dependencies": [
            "aws_instance.app_server",
            "aws_key_pair.deployer",
            "aws_security_group.sg_app_server",
            "data.aws_vpc.main",
            "data.template_file.userdata"
          ]
        }
      ]
    }
  ],
  "check_results": null
}
